
Microsoft Visual Studio Solution File, Format Version 12.00
# Visual Studio Version 17
VisualStudioVersion = 17.14.36127.28 d17.14
MinimumVisualStudioVersion = 10.0.40219.1
Project("{FAE04EC0-301F-11D3-BF4B-00C04F79EFBC}") = "OxideBrowserBack", "OxideBrowserBack\OxideBrowserBack.csproj", "{D401D765-750A-4A59-A24F-C04DA9DC0B56}"
EndProject
Global
	GlobalSection(SolutionConfigurationPlatforms) = preSolution
		Debug|Any CPU = Debug|Any CPU
		Release|Any CPU = Release|Any CPU
	EndGlobalSection
	GlobalSection(ProjectConfigurationPlatforms) = postSolution
		{D401D765-750A-4A59-A24F-C04DA9DC0B56}.Debug|Any CPU.ActiveCfg = Debug|Any CPU
		{D401D765-750A-4A59-A24F-C04DA9DC0B56}.Debug|Any CPU.Build.0 = Debug|Any CPU
		{D401D765-750A-4A59-A24F-C04DA9DC0B56}.Release|Any CPU.ActiveCfg = Release|Any CPU
		{D401D765-750A-4A59-A24F-C04DA9DC0B56}.Release|Any CPU.Build.0 = Release|Any CPU
	EndGlobalSection
	GlobalSection(SolutionProperties) = preSolution
		HideSolutionNode = FALSE
	EndGlobalSection
	GlobalSection(ExtensibilityGlobals) = postSolution
		SolutionGuid = {058BD37B-1F73-4D5D-9181-77DE1C77A3CB}
	EndGlobalSection
EndGlobal
